{
  "version": 2,
  "dependencies": {
    "net9.0": {
      "Microsoft.Build.Framework": {
        "type": "Direct",
        "requested": "[18.10.1, )",
        "resolved": "18.10.1",
        "contentHash": "nL8dvvg9V/6PJQ92iQheiGnpkgS/VTBV2py8XM0pzxRYc8byHY83IuriHa3YXkLf3KMWnKlkdoTTt0c5irOXZQ==",
        "dependencies": {
          "Microsoft.NET.StringTools": "[18.10.1]",
          "System.Memory": "4.6.3",
          "System.Runtime.CompilerServices.Unsafe": "6.1.2"
        }
      },
      "Microsoft.Build.Utilities.Core": {
        "type": "Direct",
        "requested": "[18.10.1, )",
        "resolved": "18.10.1",
        "contentHash": "MXBaRIyOuy55jMsv8YMUEsyM9itWaPnfB56qe2St9fYF1YavL4MnCZovKP4Q1AiR1+RgMyLql3OfNbghDM3PbA==",
        "dependencies": {
          "Microsoft.Build.Framework": "[18.10.1]",
          "System.Memory": "4.6.3",
          "System.Runtime.CompilerServices.Unsafe": "6.1.2"
        }
      },
      "PolySharp": {
        "type": "Direct",
        "requested": "[1.16.0, )",
        "resolved": "1.16.0",
        "contentHash": "3kdIIceBPumwjw279FuiVMfVENT2cGASXJgcigdySsbX2dJB8ofUgG6i47yqF/k1qu6fvNR3csrSekZPviR6kQ=="
      },
      "Microsoft.NET.StringTools": {
        "type": "Transitive",
        "resolved": "18.10.1",
        "contentHash": "/fIQMMIRzamkho+Teh7K0G8YaH85s2meFwxjFleBJ1DMnX2RHnRjg4xyWoFbmj260Vl4W2b1r7CuvbMAC+W+nQ==",
        "dependencies": {
          "System.Memory": "4.6.3",
          "System.Runtime.CompilerServices.Unsafe": "6.1.2"
        }
      },
      "System.Memory": {
        "type": "Transitive",
        "resolved": "4.6.3",
        "contentHash": "qdcDOgnFZY40+Q9876JUHnlHu7bosOHX8XISRoH94fwk6hgaeQGSgfZd8srWRZNt5bV9ZW2TljcegDNxsf+96A=="
      },
      "System.Runtime.CompilerServices.Unsafe": {
        "type": "Transitive",
        "resolved": "6.1.2",
        "contentHash": "2hBr6zdbIBTDE3EhK7NSVNdX58uTK6iHW/P/Axmm9sl1xoGSLqDvMtpecn226TNwHByFokYwJmt/aQQNlO5CRw=="
      }
    }
  }
}