{
  "version": 2,
  "dependencies": {
    "net9.0": {
      "Microsoft.Build.Framework": {
        "type": "Direct",
        "requested": "[18.7.1, )",
        "resolved": "18.7.1",
        "contentHash": "OkLtppCHnD0hrfeTQDZNSe6oxYW2/1qKmtE/iyF8ZzsdC541Txv0pUGrDZQTNr0E/OYxzpt5oVHqR26A6mzYnw==",
        "dependencies": {
          "Microsoft.NET.StringTools": "18.7.1",
          "System.Memory": "4.6.3",
          "System.Runtime.CompilerServices.Unsafe": "6.1.2"
        }
      },
      "Microsoft.Build.Utilities.Core": {
        "type": "Direct",
        "requested": "[18.7.1, )",
        "resolved": "18.7.1",
        "contentHash": "qxESKA3linJoBtnZMJ1w7ykrr8vzINDzEoCpAFWrqvzuXedPVUMq6t82xYueyAeAZsbOTpi/lrWk7o8FcJIBMw==",
        "dependencies": {
          "Microsoft.Build.Framework": "18.7.1",
          "System.Memory": "4.6.3",
          "System.Runtime.CompilerServices.Unsafe": "6.1.2"
        }
      },
      "PolySharp": {
        "type": "Direct",
        "requested": "[1.16.0, )",
        "resolved": "1.16.0",
        "contentHash": "3kdIIceBPumwjw279FuiVMfVENT2cGASXJgcigdySsbX2dJB8ofUgG6i47yqF/k1qu6fvNR3csrSekZPviR6kQ=="
      },
      "Microsoft.NET.StringTools": {
        "type": "Transitive",
        "resolved": "18.7.1",
        "contentHash": "OhuO9c4ZqYBaqB7INwOpDLa7wX0VkR2T3MhjUSsPebLvZi0/Z7QzeeD5uiINd9L9Wev+EwvNUiF3N2hWVtdFPQ==",
        "dependencies": {
          "System.Memory": "4.6.3",
          "System.Runtime.CompilerServices.Unsafe": "6.1.2"
        }
      },
      "System.Memory": {
        "type": "Transitive",
        "resolved": "4.6.3",
        "contentHash": "qdcDOgnFZY40+Q9876JUHnlHu7bosOHX8XISRoH94fwk6hgaeQGSgfZd8srWRZNt5bV9ZW2TljcegDNxsf+96A=="
      },
      "System.Runtime.CompilerServices.Unsafe": {
        "type": "Transitive",
        "resolved": "6.1.2",
        "contentHash": "2hBr6zdbIBTDE3EhK7NSVNdX58uTK6iHW/P/Axmm9sl1xoGSLqDvMtpecn226TNwHByFokYwJmt/aQQNlO5CRw=="
      }
    }
  }
}